// !$*UTF8*$!
{
	archiveVersion = 1;
	classes = {
	};
	objectVersion = 55;
	objects = {

/* Begin PBXBuildFile section */
		37055BA82851D26B00F648D1 /* MakeApiCallApp.swift in Sources */ = {isa = PBXBuildFile; fileRef = 37055BA72851D26B00F648D1 /* MakeApiCallApp.swift */; };
		37055BAA2851D26B00F648D1 /* Service.swift in Sources */ = {isa = PBXBuildFile; fileRef = 37055BA92851D26B00F648D1 /* Service.swift */; };
		37055BAC2851D26D00F648D1 /* Assets.xcassets in Resources */ = {isa = PBXBuildFile; fileRef = 37055BAB2851D26D00F648D1 /* Assets.xcassets */; };
		37055BAF2851D26D00F648D1 /* Preview Assets.xcassets in Resources */ = {isa = PBXBuildFile; fileRef = 37055BAE2851D26D00F648D1 /* Preview Assets.xcassets */; };
		37055BB92851D26D00F648D1 /* MakeApiCallTests.swift in Sources */ = {isa = PBXBuildFile; fileRef = 37055BB82851D26D00F648D1 /* MakeApiCallTests.swift */; };
		37055BC32851D26D00F648D1 /* MakeApiCallUITests.swift in Sources */ = {isa = PBXBuildFile; fileRef = 37055BC22851D26D00F648D1 /* MakeApiCallUITests.swift */; };
		37055BC52851D26D00F648D1 /* MakeApiCallUITestsLaunchTests.swift in Sources */ = {isa = PBXBuildFile; fileRef = 37055BC42851D26D00F648D1 /* MakeApiCallUITestsLaunchTests.swift */; };
		37055BD22851F6EB00F648D1 /* PostList.swift in Sources */ = {isa = PBXBuildFile; fileRef = 37055BD12851F6EB00F648D1 /* PostList.swift */; };
		37055BD42851F77100F648D1 /* ContentView.swift in Sources */ = {isa = PBXBuildFile; fileRef = 37055BD32851F77100F648D1 /* ContentView.swift */; };
		37A931F128528E200068753C /* Post.swift in Sources */ = {isa = PBXBuildFile; fileRef = 37A931F028528E200068753C /* Post.swift */; };
		37A931F428528FA40068753C /* PostViewModel.swift in Sources */ = {isa = PBXBuildFile; fileRef = 37A931F328528FA40068753C /* PostViewModel.swift */; };
		37A931F92852A5600068753C /* obserbableObject.swift in Sources */ = {isa = PBXBuildFile; fileRef = 37A931F82852A5600068753C /* obserbableObject.swift */; };
		37A931FB2852BC3D0068753C /* Timer.swift in Sources */ = {isa = PBXBuildFile; fileRef = 37A931FA2852BC3D0068753C /* Timer.swift */; };
		37A931FE2852C6520068753C /* Counter.swift in Sources */ = {isa = PBXBuildFile; fileRef = 37A931FD2852C6520068753C /* Counter.swift */; };
		37A932012852D2CC0068753C /* pepoleView.swift in Sources */ = {isa = PBXBuildFile; fileRef = 37A932002852D2CC0068753C /* pepoleView.swift */; };
		37A932032852D2F30068753C /* Person.swift in Sources */ = {isa = PBXBuildFile; fileRef = 37A932022852D2F30068753C /* Person.swift */; };
		37A932052852DDBD0068753C /* personViewModel.swift in Sources */ = {isa = PBXBuildFile; fileRef = 37A932042852DDBD0068753C /* personViewModel.swift */; };
		37A9320A285336FA0068753C /* stateNdBinding.swift in Sources */ = {isa = PBXBuildFile; fileRef = 37A93209285336FA0068753C /* stateNdBinding.swift */; };
		37A9320D2853C0C90068753C /* BindableObjectView.swift in Sources */ = {isa = PBXBuildFile; fileRef = 37A9320C2853C0C90068753C /* BindableObjectView.swift */; };
		37A9320F2853CD2D0068753C /* UserSettings.swift in Sources */ = {isa = PBXBuildFile; fileRef = 37A9320E2853CD2D0068753C /* UserSettings.swift */; };
		37A9321228542CA10068753C /* environment.swift in Sources */ = {isa = PBXBuildFile; fileRef = 37A9321128542CA10068753C /* environment.swift */; };
		37A9321428542CBC0068753C /* userScore.swift in Sources */ = {isa = PBXBuildFile; fileRef = 37A9321328542CBC0068753C /* userScore.swift */; };
		37A93216285435470068753C /* ScoreView.swift in Sources */ = {isa = PBXBuildFile; fileRef = 37A93215285435470068753C /* ScoreView.swift */; };
/* End PBXBuildFile section */

/* Begin PBXContainerItemProxy section */
		37055BB52851D26D00F648D1 /* PBXContainerItemProxy */ = {
			isa = PBXContainerItemProxy;
			containerPortal = 37055B9C2851D26B00F648D1 /* Project object */;
			proxyType = 1;
			remoteGlobalIDString = 37055BA32851D26B00F648D1;
			remoteInfo = MakeApiCall;
		};
		37055BBF2851D26D00F648D1 /* PBXContainerItemProxy */ = {
			isa = PBXContainerItemProxy;
			containerPortal = 37055B9C2851D26B00F648D1 /* Project object */;
			proxyType = 1;
			remoteGlobalIDString = 37055BA32851D26B00F648D1;
			remoteInfo = MakeApiCall;
		};
/* End PBXContainerItemProxy section */

/* Begin PBXFileReference section */
		37055BA42851D26B00F648D1 /* MakeApiCall.app */ = {isa = PBXFileReference; explicitFileType = wrapper.application; includeInIndex = 0; path = MakeApiCall.app; sourceTree = BUILT_PRODUCTS_DIR; };
		37055BA72851D26B00F648D1 /* MakeApiCallApp.swift */ = {isa = PBXFileReference; lastKnownFileType = sourcecode.swift; path = MakeApiCallApp.swift; sourceTree = "<group>"; };
		37055BA92851D26B00F648D1 /* Service.swift */ = {isa = PBXFileReference; lastKnownFileType = sourcecode.swift; path = Service.swift; sourceTree = "<group>"; };
		37055BAB2851D26D00F648D1 /* Assets.xcassets */ = {isa = PBXFileReference; lastKnownFileType = folder.assetcatalog; path = Assets.xcassets; sourceTree = "<group>"; };
		37055BAE2851D26D00F648D1 /* Preview Assets.xcassets */ = {isa = PBXFileReference; lastKnownFileType = folder.assetcatalog; path = "Preview Assets.xcassets"; sourceTree = "<group>"; };
		37055BB42851D26D00F648D1 /* MakeApiCallTests.xctest */ = {isa = PBXFileReference; explicitFileType = wrapper.cfbundle; includeInIndex = 0; path = MakeApiCallTests.xctest; sourceTree = BUILT_PRODUCTS_DIR; };
		37055BB82851D26D00F648D1 /* MakeApiCallTests.swift */ = {isa = PBXFileReference; lastKnownFileType = sourcecode.swift; path = MakeApiCallTests.swift; sourceTree = "<group>"; };
		37055BBE2851D26D00F648D1 /* MakeApiCallUITests.xctest */ = {isa = PBXFileReference; explicitFileType = wrapper.cfbundle; includeInIndex = 0; path = MakeApiCallUITests.xctest; sourceTree = BUILT_PRODUCTS_DIR; };
		37055BC22851D26D00F648D1 /* MakeApiCallUITests.swift */ = {isa = PBXFileReference; lastKnownFileType = sourcecode.swift; path = MakeApiCallUITests.swift; sourceTree = "<group>"; };
		37055BC42851D26D00F648D1 /* MakeApiCallUITestsLaunchTests.swift */ = {isa = PBXFileReference; lastKnownFileType = sourcecode.swift; path = MakeApiCallUITestsLaunchTests.swift; sourceTree = "<group>"; };
		37055BD12851F6EB00F648D1 /* PostList.swift */ = {isa = PBXFileReference; lastKnownFileType = sourcecode.swift; path = PostList.swift; sourceTree = "<group>"; };
		37055BD32851F77100F648D1 /* ContentView.swift */ = {isa = PBXFileReference; lastKnownFileType = sourcecode.swift; path = ContentView.swift; sourceTree = "<group>"; };
		37A931F028528E200068753C /* Post.swift */ = {isa = PBXFileReference; lastKnownFileType = sourcecode.swift; path = Post.swift; sourceTree = "<group>"; };
		37A931F328528FA40068753C /* PostViewModel.swift */ = {isa = PBXFileReference; lastKnownFileType = sourcecode.swift; path = PostViewModel.swift; sourceTree = "<group>"; };
		37A931F82852A5600068753C /* obserbableObject.swift */ = {isa = PBXFileReference; lastKnownFileType = sourcecode.swift; path = obserbableObject.swift; sourceTree = "<group>"; };
		37A931FA2852BC3D0068753C /* Timer.swift */ = {isa = PBXFileReference; lastKnownFileType = sourcecode.swift; path = Timer.swift; sourceTree = "<group>"; };
		37A931FD2852C6520068753C /* Counter.swift */ = {isa = PBXFileReference; lastKnownFileType = sourcecode.swift; path = Counter.swift; sourceTree = "<group>"; };
		37A932002852D2CC0068753C /* pepoleView.swift */ = {isa = PBXFileReference; lastKnownFileType = sourcecode.swift; path = pepoleView.swift; sourceTree = "<group>"; };
		37A932022852D2F30068753C /* Person.swift */ = {isa = PBXFileReference; lastKnownFileType = sourcecode.swift; path = Person.swift; sourceTree = "<group>"; };
		37A932042852DDBD0068753C /* personViewModel.swift */ = {isa = PBXFileReference; lastKnownFileType = sourcecode.swift; path = personViewModel.swift; sourceTree = "<group>"; };
		37A93209285336FA0068753C /* stateNdBinding.swift */ = {isa = PBXFileReference; lastKnownFileType = sourcecode.swift; path = stateNdBinding.swift; sourceTree = "<group>"; };
		37A9320C2853C0C90068753C /* BindableObjectView.swift */ = {isa = PBXFileReference; lastKnownFileType = sourcecode.swift; path = BindableObjectView.swift; sourceTree = "<group>"; };
		37A9320E2853CD2D0068753C /* UserSettings.swift */ = {isa = PBXFileReference; lastKnownFileType = sourcecode.swift; path = UserSettings.swift; sourceTree = "<group>"; };
		37A9321128542CA10068753C /* environment.swift */ = {isa = PBXFileReference; lastKnownFileType = sourcecode.swift; path = environment.swift; sourceTree = "<group>"; };
		37A9321328542CBC0068753C /* userScore.swift */ = {isa = PBXFileReference; lastKnownFileType = sourcecode.swift; path = userScore.swift; sourceTree = "<group>"; };
		37A93215285435470068753C /* ScoreView.swift */ = {isa = PBXFileReference; lastKnownFileType = sourcecode.swift; path = ScoreView.swift; sourceTree = "<group>"; };
/* End PBXFileReference section */

/* Begin PBXFrameworksBuildPhase section */
		37055BA12851D26B00F648D1 /* Frameworks */ = {
			isa = PBXFrameworksBuildPhase;
			buildActionMask = 2147483647;
			files = (
			);
			runOnlyForDeploymentPostprocessing = 0;
		};
		37055BB12851D26D00F648D1 /* Frameworks */ = {
			isa = PBXFrameworksBuildPhase;
			buildActionMask = 2147483647;
			files = (
			);
			runOnlyForDeploymentPostprocessing = 0;
		};
		37055BBB2851D26D00F648D1 /* Frameworks */ = {
			isa = PBXFrameworksBuildPhase;
			buildActionMask = 2147483647;
			files = (
			);
			runOnlyForDeploymentPostprocessing = 0;
		};
/* End PBXFrameworksBuildPhase section */

/* Begin PBXGroup section */
		37055B9B2851D26B00F648D1 = {
			isa = PBXGroup;
			children = (
				37055BA62851D26B00F648D1 /* MakeApiCall */,
				37055BB72851D26D00F648D1 /* MakeApiCallTests */,
				37055BC12851D26D00F648D1 /* MakeApiCallUITests */,
				37055BA52851D26B00F648D1 /* Products */,
			);
			sourceTree = "<group>";
		};
		37055BA52851D26B00F648D1 /* Products */ = {
			isa = PBXGroup;
			children = (
				37055BA42851D26B00F648D1 /* MakeApiCall.app */,
				37055BB42851D26D00F648D1 /* MakeApiCallTests.xctest */,
				37055BBE2851D26D00F648D1 /* MakeApiCallUITests.xctest */,
			);
			name = Products;
			sourceTree = "<group>";
		};
		37055BA62851D26B00F648D1 /* MakeApiCall */ = {
			isa = PBXGroup;
			children = (
				37055BA72851D26B00F648D1 /* MakeApiCallApp.swift */,
				37A931EF28528E090068753C /* Model */,
				37A931F6285290000068753C /* System */,
				37A931FF2852D2980068753C /* MVVMObservableObject */,
				37A93210285422D80068753C /* environmentObject */,
				37A9320B2853C09C0068753C /* BindableObject */,
				37A93206285336960068753C /* StateAndBinding */,
				37A931FC2852C6260068753C /* StateObject */,
				37A931F72852A5280068753C /* ObserableObject */,
				37A931F528528FCB0068753C /* View */,
				37A931F228528E2B0068753C /* ViewModel */,
				37055BAB2851D26D00F648D1 /* Assets.xcassets */,
				37055BAD2851D26D00F648D1 /* Preview Content */,
			);
			path = MakeApiCall;
			sourceTree = "<group>";
		};
		37055BAD2851D26D00F648D1 /* Preview Content */ = {
			isa = PBXGroup;
			children = (
				37055BAE2851D26D00F648D1 /* Preview Assets.xcassets */,
			);
			path = "Preview Content";
			sourceTree = "<group>";
		};
		37055BB72851D26D00F648D1 /* MakeApiCallTests */ = {
			isa = PBXGroup;
			children = (
				37055BB82851D26D00F648D1 /* MakeApiCallTests.swift */,
			);
			path = MakeApiCallTests;
			sourceTree = "<group>";
		};
		37055BC12851D26D00F648D1 /* MakeApiCallUITests */ = {
			isa = PBXGroup;
			children = (
				37055BC22851D26D00F648D1 /* MakeApiCallUITests.swift */,
				37055BC42851D26D00F648D1 /* MakeApiCallUITestsLaunchTests.swift */,
			);
			path = MakeApiCallUITests;
			sourceTree = "<group>";
		};
		37A931EF28528E090068753C /* Model */ = {
			isa = PBXGroup;
			children = (
				37A931F028528E200068753C /* Post.swift */,
			);
			path = Model;
			sourceTree = "<group>";
		};
		37A931F228528E2B0068753C /* ViewModel */ = {
			isa = PBXGroup;
			children = (
				37A931F328528FA40068753C /* PostViewModel.swift */,
			);
			path = ViewModel;
			sourceTree = "<group>";
		};
		37A931F528528FCB0068753C /* View */ = {
			isa = PBXGroup;
			children = (
				37055BD32851F77100F648D1 /* ContentView.swift */,
				37055BD12851F6EB00F648D1 /* PostList.swift */,
			);
			path = View;
			sourceTree = "<group>";
		};
		37A931F6285290000068753C /* System */ = {
			isa = PBXGroup;
			children = (
				37055BA92851D26B00F648D1 /* Service.swift */,
			);
			path = System;
			sourceTree = "<group>";
		};
		37A931F72852A5280068753C /* ObserableObject */ = {
			isa = PBXGroup;
			children = (
				37A931F82852A5600068753C /* obserbableObject.swift */,
				37A931FA2852BC3D0068753C /* Timer.swift */,
			);
			path = ObserableObject;
			sourceTree = "<group>";
		};
		37A931FC2852C6260068753C /* StateObject */ = {
			isa = PBXGroup;
			children = (
				37A931FD2852C6520068753C /* Counter.swift */,
			);
			path = StateObject;
			sourceTree = "<group>";
		};
		37A931FF2852D2980068753C /* MVVMObservableObject */ = {
			isa = PBXGroup;
			children = (
				37A932002852D2CC0068753C /* pepoleView.swift */,
				37A932022852D2F30068753C /* Person.swift */,
				37A932042852DDBD0068753C /* personViewModel.swift */,
			);
			path = MVVMObservableObject;
			sourceTree = "<group>";
		};
		37A93206285336960068753C /* StateAndBinding */ = {
			isa = PBXGroup;
			children = (
				37A93209285336FA0068753C /* stateNdBinding.swift */,
			);
			path = StateAndBinding;
			sourceTree = "<group>";
		};
		37A9320B2853C09C0068753C /* BindableObject */ = {
			isa = PBXGroup;
			children = (
				37A9320C2853C0C90068753C /* BindableObjectView.swift */,
				37A9320E2853CD2D0068753C /* UserSettings.swift */,
			);
			path = BindableObject;
			sourceTree = "<group>";
		};
		37A93210285422D80068753C /* environmentObject */ = {
			isa = PBXGroup;
			children = (
				37A9321128542CA10068753C /* environment.swift */,
				37A9321328542CBC0068753C /* userScore.swift */,
				37A93215285435470068753C /* ScoreView.swift */,
			);
			path = environmentObject;
			sourceTree = "<group>";
		};
/* End PBXGroup section */

/* Begin PBXNativeTarget section */
		37055BA32851D26B00F648D1 /* MakeApiCall */ = {
			isa = PBXNativeTarget;
			buildConfigurationList = 37055BC82851D26D00F648D1 /* Build configuration list for PBXNativeTarget "MakeApiCall" */;
			buildPhases = (
				37055BA02851D26B00F648D1 /* Sources */,
				37055BA12851D26B00F648D1 /* Frameworks */,
				37055BA22851D26B00F648D1 /* Resources */,
			);
			buildRules = (
			);
			dependencies = (
			);
			name = MakeApiCall;
			productName = MakeApiCall;
			productReference = 37055BA42851D26B00F648D1 /* MakeApiCall.app */;
			productType = "com.apple.product-type.application";
		};
		37055BB32851D26D00F648D1 /* MakeApiCallTests */ = {
			isa = PBXNativeTarget;
			buildConfigurationList = 37055BCB2851D26D00F648D1 /* Build configuration list for PBXNativeTarget "MakeApiCallTests" */;
			buildPhases = (
				37055BB02851D26D00F648D1 /* Sources */,
				37055BB12851D26D00F648D1 /* Frameworks */,
				37055BB22851D26D00F648D1 /* Resources */,
			);
			buildRules = (
			);
			dependencies = (
				37055BB62851D26D00F648D1 /* PBXTargetDependency */,
			);
			name = MakeApiCallTests;
			productName = MakeApiCallTests;
			productReference = 37055BB42851D26D00F648D1 /* MakeApiCallTests.xctest */;
			productType = "com.apple.product-type.bundle.unit-test";
		};
		37055BBD2851D26D00F648D1 /* MakeApiCallUITests */ = {
			isa = PBXNativeTarget;
			buildConfigurationList = 37055BCE2851D26D00F648D1 /* Build configuration list for PBXNativeTarget "MakeApiCallUITests" */;
			buildPhases = (
				37055BBA2851D26D00F648D1 /* Sources */,
				37055BBB2851D26D00F648D1 /* Frameworks */,
				37055BBC2851D26D00F648D1 /* Resources */,
			);
			buildRules = (
			);
			dependencies = (
				37055BC02851D26D00F648D1 /* PBXTargetDependency */,
			);
			name = MakeApiCallUITests;
			productName = MakeApiCallUITests;
			productReference = 37055BBE2851D26D00F648D1 /* MakeApiCallUITests.xctest */;
			productType = "com.apple.product-type.bundle.ui-testing";
		};
/* End PBXNativeTarget section */

/* Begin PBXProject section */
		37055B9C2851D26B00F648D1 /* Project object */ = {
			isa = PBXProject;
			attributes = {
				BuildIndependentTargetsInParallel = 1;
				LastSwiftUpdateCheck = 1340;
				LastUpgradeCheck = 1340;
				TargetAttributes = {
					37055BA32851D26B00F648D1 = {
						CreatedOnToolsVersion = 13.4;
					};
					37055BB32851D26D00F648D1 = {
						CreatedOnToolsVersion = 13.4;
						TestTargetID = 37055BA32851D26B00F648D1;
					};
					37055BBD2851D26D00F648D1 = {
						CreatedOnToolsVersion = 13.4;
						TestTargetID = 37055BA32851D26B00F648D1;
					};
				};
			};
			buildConfigurationList = 37055B9F2851D26B00F648D1 /* Build configuration list for PBXProject "MakeApiCall" */;
			compatibilityVersion = "Xcode 13.0";
			developmentRegion = en;
			hasScannedForEncodings = 0;
			knownRegions = (
				en,
				Base,
			);
			mainGroup = 37055B9B2851D26B00F648D1;
			productRefGroup = 37055BA52851D26B00F648D1 /* Products */;
			projectDirPath = "";
			projectRoot = "";
			targets = (
				37055BA32851D26B00F648D1 /* MakeApiCall */,
				37055BB32851D26D00F648D1 /* MakeApiCallTests */,
				37055BBD2851D26D00F648D1 /* MakeApiCallUITests */,
			);
		};
/* End PBXProject section */

/* Begin PBXResourcesBuildPhase section */
		37055BA22851D26B00F648D1 /* Resources */ = {
			isa = PBXResourcesBuildPhase;
			buildActionMask = 2147483647;
			files = (
				37055BAF2851D26D00F648D1 /* Preview Assets.xcassets in Resources */,
				37055BAC2851D26D00F648D1 /* Assets.xcassets in Resources */,
			);
			runOnlyForDeploymentPostprocessing = 0;
		};
		37055BB22851D26D00F648D1 /* Resources */ = {
			isa = PBXResourcesBuildPhase;
			buildActionMask = 2147483647;
			files = (
			);
			runOnlyForDeploymentPostprocessing = 0;
		};
		37055BBC2851D26D00F648D1 /* Resources */ = {
			isa = PBXResourcesBuildPhase;
			buildActionMask = 2147483647;
			files = (
			);
			runOnlyForDeploymentPostprocessing = 0;
		};
/* End PBXResourcesBuildPhase section */

/* Begin PBXSourcesBuildPhase section */
		37055BA02851D26B00F648D1 /* Sources */ = {
			isa = PBXSourcesBuildPhase;
			buildActionMask = 2147483647;
			files = (
				37A9321428542CBC0068753C /* userScore.swift in Sources */,
				37A931F428528FA40068753C /* PostViewModel.swift in Sources */,
				37A9321228542CA10068753C /* environment.swift in Sources */,
				37A932012852D2CC0068753C /* pepoleView.swift in Sources */,
				37055BAA2851D26B00F648D1 /* Service.swift in Sources */,
				37A932052852DDBD0068753C /* personViewModel.swift in Sources */,
				37055BD22851F6EB00F648D1 /* PostList.swift in Sources */,
				37A9320A285336FA0068753C /* stateNdBinding.swift in Sources */,
				37A932032852D2F30068753C /* Person.swift in Sources */,
				37055BA82851D26B00F648D1 /* MakeApiCallApp.swift in Sources */,
				37A9320D2853C0C90068753C /* BindableObjectView.swift in Sources */,
				37A93216285435470068753C /* ScoreView.swift in Sources */,
				37055BD42851F77100F648D1 /* ContentView.swift in Sources */,
				37A931FE2852C6520068753C /* Counter.swift in Sources */,
				37A931F128528E200068753C /* Post.swift in Sources */,
				37A931F92852A5600068753C /* obserbableObject.swift in Sources */,
				37A9320F2853CD2D0068753C /* UserSettings.swift in Sources */,
				37A931FB2852BC3D0068753C /* Timer.swift in Sources */,
			);
			runOnlyForDeploymentPostprocessing = 0;
		};
		37055BB02851D26D00F648D1 /* Sources */ = {
			isa = PBXSourcesBuildPhase;
			buildActionMask = 2147483647;
			files = (
				37055BB92851D26D00F648D1 /* MakeApiCallTests.swift in Sources */,
			);
			runOnlyForDeploymentPostprocessing = 0;
		};
		37055BBA2851D26D00F648D1 /* Sources */ = {
			isa = PBXSourcesBuildPhase;
			buildActionMask = 2147483647;
			files = (
				37055BC32851D26D00F648D1 /* MakeApiCallUITests.swift in Sources */,
				37055BC52851D26D00F648D1 /* MakeApiCallUITestsLaunchTests.swift in Sources */,
			);
			runOnlyForDeploymentPostprocessing = 0;
		};
/* End PBXSourcesBuildPhase section */

/* Begin PBXTargetDependency section */
		37055BB62851D26D00F648D1 /* PBXTargetDependency */ = {
			isa = PBXTargetDependency;
			target = 37055BA32851D26B00F648D1 /* MakeApiCall */;
			targetProxy = 37055BB52851D26D00F648D1 /* PBXContainerItemProxy */;
		};
		37055BC02851D26D00F648D1 /* PBXTargetDependency */ = {
			isa = PBXTargetDependency;
			target = 37055BA32851D26B00F648D1 /* MakeApiCall */;
			targetProxy = 37055BBF2851D26D00F648D1 /* PBXContainerItemProxy */;
		};
/* End PBXTargetDependency section */

/* Begin XCBuildConfiguration section */
		37055BC62851D26D00F648D1 /* Debug */ = {
			isa = XCBuildConfiguration;
			buildSettings = {
				ALWAYS_SEARCH_USER_PATHS = NO;
				CLANG_ANALYZER_NONNULL = YES;
				CLANG_ANALYZER_NUMBER_OBJECT_CONVERSION = YES_AGGRESSIVE;
				CLANG_CXX_LANGUAGE_STANDARD = "gnu++17";
				CLANG_ENABLE_MODULES = YES;
				CLANG_ENABLE_OBJC_ARC = YES;
				CLANG_ENABLE_OBJC_WEAK = YES;
				CLANG_WARN_BLOCK_CAPTURE_AUTORELEASING = YES;
				CLANG_WARN_BOOL_CONVERSION = YES;
				CLANG_WARN_COMMA = YES;
				CLANG_WARN_CONSTANT_CONVERSION = YES;
				CLANG_WARN_DEPRECATED_OBJC_IMPLEMENTATIONS = YES;
				CLANG_WARN_DIRECT_OBJC_ISA_USAGE = YES_ERROR;
				CLANG_WARN_DOCUMENTATION_COMMENTS = YES;
				CLANG_WARN_EMPTY_BODY = YES;
				CLANG_WARN_ENUM_CONVERSION = YES;
				CLANG_WARN_INFINITE_RECURSION = YES;
				CLANG_WARN_INT_CONVERSION = YES;
				CLANG_WARN_NON_LITERAL_NULL_CONVERSION = YES;
				CLANG_WARN_OBJC_IMPLICIT_RETAIN_SELF = YES;
				CLANG_WARN_OBJC_LITERAL_CONVERSION = YES;
				CLANG_WARN_OBJC_ROOT_CLASS = YES_ERROR;
				CLANG_WARN_QUOTED_INCLUDE_IN_FRAMEWORK_HEADER = YES;
				CLANG_WARN_RANGE_LOOP_ANALYSIS = YES;
				CLANG_WARN_STRICT_PROTOTYPES = YES;
				CLANG_WARN_SUSPICIOUS_MOVE = YES;
				CLANG_WARN_UNGUARDED_AVAILABILITY = YES_AGGRESSIVE;
				CLANG_WARN_UNREACHABLE_CODE = YES;
				CLANG_WARN__DUPLICATE_METHOD_MATCH = YES;
				COPY_PHASE_STRIP = NO;
				DEBUG_INFORMATION_FORMAT = dwarf;
				ENABLE_STRICT_OBJC_MSGSEND = YES;
				ENABLE_TESTABILITY = YES;
				GCC_C_LANGUAGE_STANDARD = gnu11;
				GCC_DYNAMIC_NO_PIC = NO;
				GCC_NO_COMMON_BLOCKS = YES;
				GCC_OPTIMIZATION_LEVEL = 0;
				GCC_PREPROCESSOR_DEFINITIONS = (
					"DEBUG=1",
					"$(inherited)",
				);
				GCC_WARN_64_TO_32_BIT_CONVERSION = YES;
				GCC_WARN_ABOUT_RETURN_TYPE = YES_ERROR;
				GCC_WARN_UNDECLARED_SELECTOR = YES;
				GCC_WARN_UNINITIALIZED_AUTOS = YES_AGGRESSIVE;
				GCC_WARN_UNUSED_FUNCTION = YES;
				GCC_WARN_UNUSED_VARIABLE = YES;
				IPHONEOS_DEPLOYMENT_TARGET = 15.5;
				MTL_ENABLE_DEBUG_INFO = INCLUDE_SOURCE;
				MTL_FAST_MATH = YES;
				ONLY_ACTIVE_ARCH = YES;
				SDKROOT = iphoneos;
				SWIFT_ACTIVE_COMPILATION_CONDITIONS = DEBUG;
				SWIFT_OPTIMIZATION_LEVEL = "-Onone";
			};
			name = Debug;
		};
		37055BC72851D26D00F648D1 /* Release */ = {
			isa = XCBuildConfiguration;
			buildSettings = {
				ALWAYS_SEARCH_USER_PATHS = NO;
				CLANG_ANALYZER_NONNULL = YES;
				CLANG_ANALYZER_NUMBER_OBJECT_CONVERSION = YES_AGGRESSIVE;
				CLANG_CXX_LANGUAGE_STANDARD = "gnu++17";
				CLANG_ENABLE_MODULES = YES;
				CLANG_ENABLE_OBJC_ARC = YES;
				CLANG_ENABLE_OBJC_WEAK = YES;
				CLANG_WARN_BLOCK_CAPTURE_AUTORELEASING = YES;
				CLANG_WARN_BOOL_CONVERSION = YES;
				CLANG_WARN_COMMA = YES;
				CLANG_WARN_CONSTANT_CONVERSION = YES;
				CLANG_WARN_DEPRECATED_OBJC_IMPLEMENTATIONS = YES;
				CLANG_WARN_DIRECT_OBJC_ISA_USAGE = YES_ERROR;
				CLANG_WARN_DOCUMENTATION_COMMENTS = YES;
				CLANG_WARN_EMPTY_BODY = YES;
				CLANG_WARN_ENUM_CONVERSION = YES;
				CLANG_WARN_INFINITE_RECURSION = YES;
				CLANG_WARN_INT_CONVERSION = YES;
				CLANG_WARN_NON_LITERAL_NULL_CONVERSION = YES;
				CLANG_WARN_OBJC_IMPLICIT_RETAIN_SELF = YES;
				CLANG_WARN_OBJC_LITERAL_CONVERSION = YES;
				CLANG_WARN_OBJC_ROOT_CLASS = YES_ERROR;
				CLANG_WARN_QUOTED_INCLUDE_IN_FRAMEWORK_HEADER = YES;
				CLANG_WARN_RANGE_LOOP_ANALYSIS = YES;
				CLANG_WARN_STRICT_PROTOTYPES = YES;
				CLANG_WARN_SUSPICIOUS_MOVE = YES;
				CLANG_WARN_UNGUARDED_AVAILABILITY = YES_AGGRESSIVE;
				CLANG_WARN_UNREACHABLE_CODE = YES;
				CLANG_WARN__DUPLICATE_METHOD_MATCH = YES;
				COPY_PHASE_STRIP = NO;
				DEBUG_INFORMATION_FORMAT = "dwarf-with-dsym";
				ENABLE_NS_ASSERTIONS = NO;
				ENABLE_STRICT_OBJC_MSGSEND = YES;
				GCC_C_LANGUAGE_STANDARD = gnu11;
				GCC_NO_COMMON_BLOCKS = YES;
				GCC_WARN_64_TO_32_BIT_CONVERSION = YES;
				GCC_WARN_ABOUT_RETURN_TYPE = YES_ERROR;
				GCC_WARN_UNDECLARED_SELECTOR = YES;
				GCC_WARN_UNINITIALIZED_AUTOS = YES_AGGRESSIVE;
				GCC_WARN_UNUSED_FUNCTION = YES;
				GCC_WARN_UNUSED_VARIABLE = YES;
				IPHONEOS_DEPLOYMENT_TARGET = 15.5;
				MTL_ENABLE_DEBUG_INFO = NO;
				MTL_FAST_MATH = YES;
				SDKROOT = iphoneos;
				SWIFT_COMPILATION_MODE = wholemodule;
				SWIFT_OPTIMIZATION_LEVEL = "-O";
				VALIDATE_PRODUCT = YES;
			};
			name = Release;
		};
		37055BC92851D26D00F648D1 /* Debug */ = {
			isa = XCBuildConfiguration;
			buildSettings = {
				ASSETCATALOG_COMPILER_APPICON_NAME = AppIcon;
				ASSETCATALOG_COMPILER_GLOBAL_ACCENT_COLOR_NAME = AccentColor;
				CODE_SIGN_STYLE = Automatic;
				CURRENT_PROJECT_VERSION = 1;
				DEVELOPMENT_ASSET_PATHS = "\"MakeApiCall/Preview Content\"";
				DEVELOPMENT_TEAM = 37P2V26KZ2;
				ENABLE_PREVIEWS = YES;
				GENERATE_INFOPLIST_FILE = YES;
				INFOPLIST_KEY_UIApplicationSceneManifest_Generation = YES;
				INFOPLIST_KEY_UIApplicationSupportsIndirectInputEvents = YES;
				INFOPLIST_KEY_UILaunchScreen_Generation = YES;
				INFOPLIST_KEY_UISupportedInterfaceOrientations_iPad = "UIInterfaceOrientationPortrait UIInterfaceOrientationPortraitUpsideDown UIInterfaceOrientationLandscapeLeft UIInterfaceOrientationLandscapeRight";
				INFOPLIST_KEY_UISupportedInterfaceOrientations_iPhone = "UIInterfaceOrientationPortrait UIInterfaceOrientationLandscapeLeft UIInterfaceOrientationLandscapeRight";
				LD_RUNPATH_SEARCH_PATHS = (
					"$(inherited)",
					"@executable_path/Frameworks",
				);
				MARKETING_VERSION = 1.0;
				PRODUCT_BUNDLE_IDENTIFIER = "jannatun-nahar-papia.MakeApiCall";
				PRODUCT_NAME = "$(TARGET_NAME)";
				SWIFT_EMIT_LOC_STRINGS = YES;
				SWIFT_VERSION = 5.0;
				TARGETED_DEVICE_FAMILY = "1,2";
			};
			name = Debug;
		};
		37055BCA2851D26D00F648D1 /* Release */ = {
			isa = XCBuildConfiguration;
			buildSettings = {
				ASSETCATALOG_COMPILER_APPICON_NAME = AppIcon;
				ASSETCATALOG_COMPILER_GLOBAL_ACCENT_COLOR_NAME = AccentColor;
				CODE_SIGN_STYLE = Automatic;
				CURRENT_PROJECT_VERSION = 1;
				DEVELOPMENT_ASSET_PATHS = "\"MakeApiCall/Preview Content\"";
				DEVELOPMENT_TEAM = 37P2V26KZ2;
				ENABLE_PREVIEWS = YES;
				GENERATE_INFOPLIST_FILE = YES;
				INFOPLIST_KEY_UIApplicationSceneManifest_Generation = YES;
				INFOPLIST_KEY_UIApplicationSupportsIndirectInputEvents = YES;
				INFOPLIST_KEY_UILaunchScreen_Generation = YES;
				INFOPLIST_KEY_UISupportedInterfaceOrientations_iPad = "UIInterfaceOrientationPortrait UIInterfaceOrientationPortraitUpsideDown UIInterfaceOrientationLandscapeLeft UIInterfaceOrientationLandscapeRight";
				INFOPLIST_KEY_UISupportedInterfaceOrientations_iPhone = "UIInterfaceOrientationPortrait UIInterfaceOrientationLandscapeLeft UIInterfaceOrientationLandscapeRight";
				LD_RUNPATH_SEARCH_PATHS = (
					"$(inherited)",
					"@executable_path/Frameworks",
				);
				MARKETING_VERSION = 1.0;
				PRODUCT_BUNDLE_IDENTIFIER = "jannatun-nahar-papia.MakeApiCall";
				PRODUCT_NAME = "$(TARGET_NAME)";
				SWIFT_EMIT_LOC_STRINGS = YES;
				SWIFT_VERSION = 5.0;
				TARGETED_DEVICE_FAMILY = "1,2";
			};
			name = Release;
		};
		37055BCC2851D26D00F648D1 /* Debug */ = {
			isa = XCBuildConfiguration;
			buildSettings = {
				ALWAYS_EMBED_SWIFT_STANDARD_LIBRARIES = YES;
				BUNDLE_LOADER = "$(TEST_HOST)";
				CODE_SIGN_STYLE = Automatic;
				CURRENT_PROJECT_VERSION = 1;
				DEVELOPMENT_TEAM = 37P2V26KZ2;
				GENERATE_INFOPLIST_FILE = YES;
				IPHONEOS_DEPLOYMENT_TARGET = 15.5;
				MARKETING_VERSION = 1.0;
				PRODUCT_BUNDLE_IDENTIFIER = "jannatun-nahar-papia.MakeApiCallTests";
				PRODUCT_NAME = "$(TARGET_NAME)";
				SWIFT_EMIT_LOC_STRINGS = NO;
				SWIFT_VERSION = 5.0;
				TARGETED_DEVICE_FAMILY = "1,2";
				TEST_HOST = "$(BUILT_PRODUCTS_DIR)/MakeApiCall.app/MakeApiCall";
			};
			name = Debug;
		};
		37055BCD2851D26D00F648D1 /* Release */ = {
			isa = XCBuildConfiguration;
			buildSettings = {
				ALWAYS_EMBED_SWIFT_STANDARD_LIBRARIES = YES;
				BUNDLE_LOADER = "$(TEST_HOST)";
				CODE_SIGN_STYLE = Automatic;
				CURRENT_PROJECT_VERSION = 1;
				DEVELOPMENT_TEAM = 37P2V26KZ2;
				GENERATE_INFOPLIST_FILE = YES;
				IPHONEOS_DEPLOYMENT_TARGET = 15.5;
				MARKETING_VERSION = 1.0;
				PRODUCT_BUNDLE_IDENTIFIER = "jannatun-nahar-papia.MakeApiCallTests";
				PRODUCT_NAME = "$(TARGET_NAME)";
				SWIFT_EMIT_LOC_STRINGS = NO;
				SWIFT_VERSION = 5.0;
				TARGETED_DEVICE_FAMILY = "1,2";
				TEST_HOST = "$(BUILT_PRODUCTS_DIR)/MakeApiCall.app/MakeApiCall";
			};
			name = Release;
		};
		37055BCF2851D26D00F648D1 /* Debug */ = {
			isa = XCBuildConfiguration;
			buildSettings = {
				ALWAYS_EMBED_SWIFT_STANDARD_LIBRARIES = YES;
				CODE_SIGN_STYLE = Automatic;
				CURRENT_PROJECT_VERSION = 1;
				DEVELOPMENT_TEAM = 37P2V26KZ2;
				GENERATE_INFOPLIST_FILE = YES;
				MARKETING_VERSION = 1.0;
				PRODUCT_BUNDLE_IDENTIFIER = "jannatun-nahar-papia.MakeApiCallUITests";
				PRODUCT_NAME = "$(TARGET_NAME)";
				SWIFT_EMIT_LOC_STRINGS = NO;
				SWIFT_VERSION = 5.0;
				TARGETED_DEVICE_FAMILY = "1,2";
				TEST_TARGET_NAME = MakeApiCall;
			};
			name = Debug;
		};
		37055BD02851D26D00F648D1 /* Release */ = {
			isa = XCBuildConfiguration;
			buildSettings = {
				ALWAYS_EMBED_SWIFT_STANDARD_LIBRARIES = YES;
				CODE_SIGN_STYLE = Automatic;
				CURRENT_PROJECT_VERSION = 1;
				DEVELOPMENT_TEAM = 37P2V26KZ2;
				GENERATE_INFOPLIST_FILE = YES;
				MARKETING_VERSION = 1.0;
				PRODUCT_BUNDLE_IDENTIFIER = "jannatun-nahar-papia.MakeApiCallUITests";
				PRODUCT_NAME = "$(TARGET_NAME)";
				SWIFT_EMIT_LOC_STRINGS = NO;
				SWIFT_VERSION = 5.0;
				TARGETED_DEVICE_FAMILY = "1,2";
				TEST_TARGET_NAME = MakeApiCall;
			};
			name = Release;
		};
/* End XCBuildConfiguration section */

/* Begin XCConfigurationList section */
		37055B9F2851D26B00F648D1 /* Build configuration list for PBXProject "MakeApiCall" */ = {
			isa = XCConfigurationList;
			buildConfigurations = (
				37055BC62851D26D00F648D1 /* Debug */,
				37055BC72851D26D00F648D1 /* Release */,
			);
			defaultConfigurationIsVisible = 0;
			defaultConfigurationName = Release;
		};
		37055BC82851D26D00F648D1 /* Build configuration list for PBXNativeTarget "MakeApiCall" */ = {
			isa = XCConfigurationList;
			buildConfigurations = (
				37055BC92851D26D00F648D1 /* Debug */,
				37055BCA2851D26D00F648D1 /* Release */,
			);
			defaultConfigurationIsVisible = 0;
			defaultConfigurationName = Release;
		};
		37055BCB2851D26D00F648D1 /* Build configuration list for PBXNativeTarget "MakeApiCallTests" */ = {
			isa = XCConfigurationList;
			buildConfigurations = (
				37055BCC2851D26D00F648D1 /* Debug */,
				37055BCD2851D26D00F648D1 /* Release */,
			);
			defaultConfigurationIsVisible = 0;
			defaultConfigurationName = Release;
		};
		37055BCE2851D26D00F648D1 /* Build configuration list for PBXNativeTarget "MakeApiCallUITests" */ = {
			isa = XCConfigurationList;
			buildConfigurations = (
				37055BCF2851D26D00F648D1 /* Debug */,
				37055BD02851D26D00F648D1 /* Release */,
			);
			defaultConfigurationIsVisible = 0;
			defaultConfigurationName = Release;
		};
/* End XCConfigurationList section */
	};
	rootObject = 37055B9C2851D26B00F648D1 /* Project object */;
}
